
Microsoft Visual Studio Solution File, Format Version 12.00
# Visual Studio 15
VisualStudioVersion = 15.0.25920.0
MinimumVisualStudioVersion = 10.0.40219.1
Project("{2150E333-8FDC-42A3-9474-1A3956D46DE8}") = "src", "src", "{BB16A727-4EB2-4873-8584-0D207CE5641E}"
EndProject
Project("{FAE04EC0-301F-11D3-BF4B-00C04F79EFBC}") = "Obisoft-OSS", "src\Obisoft-OSS\Obisoft-OSS.csproj", "{51C438EF-93FF-453D-87E6-D9D25FFBC674}"
EndProject
Global
	GlobalSection(SolutionConfigurationPlatforms) = preSolution
		Debug|Any CPU = Debug|Any CPU
		Release|Any CPU = Release|Any CPU
	EndGlobalSection
	GlobalSection(ProjectConfigurationPlatforms) = postSolution
		{51C438EF-93FF-453D-87E6-D9D25FFBC674}.Debug|Any CPU.ActiveCfg = Debug|Any CPU
		{51C438EF-93FF-453D-87E6-D9D25FFBC674}.Debug|Any CPU.Build.0 = Debug|Any CPU
		{51C438EF-93FF-453D-87E6-D9D25FFBC674}.Release|Any CPU.ActiveCfg = Release|Any CPU
		{51C438EF-93FF-453D-87E6-D9D25FFBC674}.Release|Any CPU.Build.0 = Release|Any CPU
	EndGlobalSection
	GlobalSection(SolutionProperties) = preSolution
		HideSolutionNode = FALSE
	EndGlobalSection
	GlobalSection(NestedProjects) = preSolution
		{51C438EF-93FF-453D-87E6-D9D25FFBC674} = {BB16A727-4EB2-4873-8584-0D207CE5641E}
	EndGlobalSection
EndGlobal
